// !$*UTF8*$!
{
	archiveVersion = 1;
	classes = {
	};
	objectVersion = 50;
	objects = {

/* Begin PBXBuildFile section */
		B112AE912625732B0042D072 /* LearnSwiftUIAdvangeApp.swift in Sources */ = {isa = PBXBuildFile; fileRef = B112AE902625732B0042D072 /* LearnSwiftUIAdvangeApp.swift */; };
		B112AE932625732B0042D072 /* ContentView.swift in Sources */ = {isa = PBXBuildFile; fileRef = B112AE922625732B0042D072 /* ContentView.swift */; };
		B112AE952625732E0042D072 /* Assets.xcassets in Resources */ = {isa = PBXBuildFile; fileRef = B112AE942625732E0042D072 /* Assets.xcassets */; };
		B112AE982625732E0042D072 /* Preview Assets.xcassets in Resources */ = {isa = PBXBuildFile; fileRef = B112AE972625732E0042D072 /* Preview Assets.xcassets */; };
		B112AEA82626910C0042D072 /* SwiftUINextView.swift in Sources */ = {isa = PBXBuildFile; fileRef = B112AEA72626910C0042D072 /* SwiftUINextView.swift */; };
		B112AEAB26269E8C0042D072 /* HiddenSeparaView.swift in Sources */ = {isa = PBXBuildFile; fileRef = B112AEAA26269E8C0042D072 /* HiddenSeparaView.swift */; };
		B17557EB266F1F25001150BA /* LocalPushNotification.swift in Sources */ = {isa = PBXBuildFile; fileRef = B17557EA266F1F25001150BA /* LocalPushNotification.swift */; };
		B17557EE266F1F9E001150BA /* LocalNotificationDemoView.swift in Sources */ = {isa = PBXBuildFile; fileRef = B17557ED266F1F9E001150BA /* LocalNotificationDemoView.swift */; };
		B17557F3266F6B4D001150BA /* Slidemenu.swift in Sources */ = {isa = PBXBuildFile; fileRef = B17557F2266F6B4D001150BA /* Slidemenu.swift */; };
		B17557F7266F6DB7001150BA /* MenuContent.swift in Sources */ = {isa = PBXBuildFile; fileRef = B17557F6266F6DB7001150BA /* MenuContent.swift */; };
/* End PBXBuildFile section */

/* Begin PBXFileReference section */
		B112AE8D2625732B0042D072 /* LearnSwiftUIAdvange.app */ = {isa = PBXFileReference; explicitFileType = wrapper.application; includeInIndex = 0; path = LearnSwiftUIAdvange.app; sourceTree = BUILT_PRODUCTS_DIR; };
		B112AE902625732B0042D072 /* LearnSwiftUIAdvangeApp.swift */ = {isa = PBXFileReference; lastKnownFileType = sourcecode.swift; path = LearnSwiftUIAdvangeApp.swift; sourceTree = "<group>"; };
		B112AE922625732B0042D072 /* ContentView.swift */ = {isa = PBXFileReference; lastKnownFileType = sourcecode.swift; path = ContentView.swift; sourceTree = "<group>"; };
		B112AE942625732E0042D072 /* Assets.xcassets */ = {isa = PBXFileReference; lastKnownFileType = folder.assetcatalog; path = Assets.xcassets; sourceTree = "<group>"; };
		B112AE972625732E0042D072 /* Preview Assets.xcassets */ = {isa = PBXFileReference; lastKnownFileType = folder.assetcatalog; path = "Preview Assets.xcassets"; sourceTree = "<group>"; };
		B112AE992625732E0042D072 /* Info.plist */ = {isa = PBXFileReference; lastKnownFileType = text.plist.xml; path = Info.plist; sourceTree = "<group>"; };
		B112AEA72626910C0042D072 /* SwiftUINextView.swift */ = {isa = PBXFileReference; lastKnownFileType = sourcecode.swift; path = SwiftUINextView.swift; sourceTree = "<group>"; };
		B112AEAA26269E8C0042D072 /* HiddenSeparaView.swift */ = {isa = PBXFileReference; lastKnownFileType = sourcecode.swift; path = HiddenSeparaView.swift; sourceTree = "<group>"; };
		B17557EA266F1F25001150BA /* LocalPushNotification.swift */ = {isa = PBXFileReference; lastKnownFileType = sourcecode.swift; path = LocalPushNotification.swift; sourceTree = "<group>"; };
		B17557ED266F1F9E001150BA /* LocalNotificationDemoView.swift */ = {isa = PBXFileReference; lastKnownFileType = sourcecode.swift; path = LocalNotificationDemoView.swift; sourceTree = "<group>"; };
		B17557F2266F6B4D001150BA /* Slidemenu.swift */ = {isa = PBXFileReference; lastKnownFileType = sourcecode.swift; path = Slidemenu.swift; sourceTree = "<group>"; };
		B17557F6266F6DB7001150BA /* MenuContent.swift */ = {isa = PBXFileReference; lastKnownFileType = sourcecode.swift; path = MenuContent.swift; sourceTree = "<group>"; };
/* End PBXFileReference section */

/* Begin PBXFrameworksBuildPhase section */
		B112AE8A2625732B0042D072 /* Frameworks */ = {
			isa = PBXFrameworksBuildPhase;
			buildActionMask = 2147483647;
			files = (
			);
			runOnlyForDeploymentPostprocessing = 0;
		};
/* End PBXFrameworksBuildPhase section */

/* Begin PBXGroup section */
		B112AE842625732B0042D072 = {
			isa = PBXGroup;
			children = (
				B112AE8F2625732B0042D072 /* LearnSwiftUIAdvange */,
				B112AE8E2625732B0042D072 /* Products */,
			);
			sourceTree = "<group>";
		};
		B112AE8E2625732B0042D072 /* Products */ = {
			isa = PBXGroup;
			children = (
				B112AE8D2625732B0042D072 /* LearnSwiftUIAdvange.app */,
			);
			name = Products;
			sourceTree = "<group>";
		};
		B112AE8F2625732B0042D072 /* LearnSwiftUIAdvange */ = {
			isa = PBXGroup;
			children = (
				B17557F1266F6B30001150BA /* SlideMenu */,
				B112AE902625732B0042D072 /* LearnSwiftUIAdvangeApp.swift */,
				B112AE922625732B0042D072 /* ContentView.swift */,
				B112AE942625732E0042D072 /* Assets.xcassets */,
				B112AE992625732E0042D072 /* Info.plist */,
				B112AE962625732E0042D072 /* Preview Content */,
				B112AEA72626910C0042D072 /* SwiftUINextView.swift */,
				B112AEAA26269E8C0042D072 /* HiddenSeparaView.swift */,
				B17557EA266F1F25001150BA /* LocalPushNotification.swift */,
				B17557ED266F1F9E001150BA /* LocalNotificationDemoView.swift */,
			);
			path = LearnSwiftUIAdvange;
			sourceTree = "<group>";
		};
		B112AE962625732E0042D072 /* Preview Content */ = {
			isa = PBXGroup;
			children = (
				B112AE972625732E0042D072 /* Preview Assets.xcassets */,
			);
			path = "Preview Content";
			sourceTree = "<group>";
		};
		B17557F1266F6B30001150BA /* SlideMenu */ = {
			isa = PBXGroup;
			children = (
				B17557F2266F6B4D001150BA /* Slidemenu.swift */,
				B17557F6266F6DB7001150BA /* MenuContent.swift */,
			);
			path = SlideMenu;
			sourceTree = "<group>";
		};
/* End PBXGroup section */

/* Begin PBXNativeTarget section */
		B112AE8C2625732B0042D072 /* LearnSwiftUIAdvange */ = {
			isa = PBXNativeTarget;
			buildConfigurationList = B112AE9C2625732E0042D072 /* Build configuration list for PBXNativeTarget "LearnSwiftUIAdvange" */;
			buildPhases = (
				B112AE892625732B0042D072 /* Sources */,
				B112AE8A2625732B0042D072 /* Frameworks */,
				B112AE8B2625732B0042D072 /* Resources */,
			);
			buildRules = (
			);
			dependencies = (
			);
			name = LearnSwiftUIAdvange;
			productName = LearnSwiftUIAdvange;
			productReference = B112AE8D2625732B0042D072 /* LearnSwiftUIAdvange.app */;
			productType = "com.apple.product-type.application";
		};
/* End PBXNativeTarget section */

/* Begin PBXProject section */
		B112AE852625732B0042D072 /* Project object */ = {
			isa = PBXProject;
			attributes = {
				LastSwiftUpdateCheck = 1200;
				LastUpgradeCheck = 1200;
				TargetAttributes = {
					B112AE8C2625732B0042D072 = {
						CreatedOnToolsVersion = 12.0;
					};
				};
			};
			buildConfigurationList = B112AE882625732B0042D072 /* Build configuration list for PBXProject "LearnSwiftUIAdvange" */;
			compatibilityVersion = "Xcode 9.3";
			developmentRegion = en;
			hasScannedForEncodings = 0;
			knownRegions = (
				en,
				Base,
			);
			mainGroup = B112AE842625732B0042D072;
			productRefGroup = B112AE8E2625732B0042D072 /* Products */;
			projectDirPath = "";
			projectRoot = "";
			targets = (
				B112AE8C2625732B0042D072 /* LearnSwiftUIAdvange */,
			);
		};
/* End PBXProject section */

/* Begin PBXResourcesBuildPhase section */
		B112AE8B2625732B0042D072 /* Resources */ = {
			isa = PBXResourcesBuildPhase;
			buildActionMask = 2147483647;
			files = (
				B112AE982625732E0042D072 /* Preview Assets.xcassets in Resources */,
				B112AE952625732E0042D072 /* Assets.xcassets in Resources */,
			);
			runOnlyForDeploymentPostprocessing = 0;
		};
/* End PBXResourcesBuildPhase section */

/* Begin PBXSourcesBuildPhase section */
		B112AE892625732B0042D072 /* Sources */ = {
			isa = PBXSourcesBuildPhase;
			buildActionMask = 2147483647;
			files = (
				B17557F3266F6B4D001150BA /* Slidemenu.swift in Sources */,
				B112AEAB26269E8C0042D072 /* HiddenSeparaView.swift in Sources */,
				B112AE932625732B0042D072 /* ContentView.swift in Sources */,
				B17557EB266F1F25001150BA /* LocalPushNotification.swift in Sources */,
				B17557F7266F6DB7001150BA /* MenuContent.swift in Sources */,
				B112AEA82626910C0042D072 /* SwiftUINextView.swift in Sources */,
				B17557EE266F1F9E001150BA /* LocalNotificationDemoView.swift in Sources */,
				B112AE912625732B0042D072 /* LearnSwiftUIAdvangeApp.swift in Sources */,
			);
			runOnlyForDeploymentPostprocessing = 0;
		};
/* End PBXSourcesBuildPhase section */

/* Begin XCBuildConfiguration section */
		B112AE9A2625732E0042D072 /* Debug */ = {
			isa = XCBuildConfiguration;
			buildSettings = {
				ALWAYS_SEARCH_USER_PATHS = NO;
				CLANG_ANALYZER_NONNULL = YES;
				CLANG_ANALYZER_NUMBER_OBJECT_CONVERSION = YES_AGGRESSIVE;
				CLANG_CXX_LANGUAGE_STANDARD = "gnu++14";
				CLANG_CXX_LIBRARY = "libc++";
				CLANG_ENABLE_MODULES = YES;
				CLANG_ENABLE_OBJC_ARC = YES;
				CLANG_ENABLE_OBJC_WEAK = YES;
				CLANG_WARN_BLOCK_CAPTURE_AUTORELEASING = YES;
				CLANG_WARN_BOOL_CONVERSION = YES;
				CLANG_WARN_COMMA = YES;
				CLANG_WARN_CONSTANT_CONVERSION = YES;
				CLANG_WARN_DEPRECATED_OBJC_IMPLEMENTATIONS = YES;
				CLANG_WARN_DIRECT_OBJC_ISA_USAGE = YES_ERROR;
				CLANG_WARN_DOCUMENTATION_COMMENTS = YES;
				CLANG_WARN_EMPTY_BODY = YES;
				CLANG_WARN_ENUM_CONVERSION = YES;
				CLANG_WARN_INFINITE_RECURSION = YES;
				CLANG_WARN_INT_CONVERSION = YES;
				CLANG_WARN_NON_LITERAL_NULL_CONVERSION = YES;
				CLANG_WARN_OBJC_IMPLICIT_RETAIN_SELF = YES;
				CLANG_WARN_OBJC_LITERAL_CONVERSION = YES;
				CLANG_WARN_OBJC_ROOT_CLASS = YES_ERROR;
				CLANG_WARN_QUOTED_INCLUDE_IN_FRAMEWORK_HEADER = YES;
				CLANG_WARN_RANGE_LOOP_ANALYSIS = YES;
				CLANG_WARN_STRICT_PROTOTYPES = YES;
				CLANG_WARN_SUSPICIOUS_MOVE = YES;
				CLANG_WARN_UNGUARDED_AVAILABILITY = YES_AGGRESSIVE;
				CLANG_WARN_UNREACHABLE_CODE = YES;
				CLANG_WARN__DUPLICATE_METHOD_MATCH = YES;
				COPY_PHASE_STRIP = NO;
				DEBUG_INFORMATION_FORMAT = dwarf;
				ENABLE_STRICT_OBJC_MSGSEND = YES;
				ENABLE_TESTABILITY = YES;
				GCC_C_LANGUAGE_STANDARD = gnu11;
				GCC_DYNAMIC_NO_PIC = NO;
				GCC_NO_COMMON_BLOCKS = YES;
				GCC_OPTIMIZATION_LEVEL = 0;
				GCC_PREPROCESSOR_DEFINITIONS = (
					"DEBUG=1",
					"$(inherited)",
				);
				GCC_WARN_64_TO_32_BIT_CONVERSION = YES;
				GCC_WARN_ABOUT_RETURN_TYPE = YES_ERROR;
				GCC_WARN_UNDECLARED_SELECTOR = YES;
				GCC_WARN_UNINITIALIZED_AUTOS = YES_AGGRESSIVE;
				GCC_WARN_UNUSED_FUNCTION = YES;
				GCC_WARN_UNUSED_VARIABLE = YES;
				IPHONEOS_DEPLOYMENT_TARGET = 14.0;
				MTL_ENABLE_DEBUG_INFO = INCLUDE_SOURCE;
				MTL_FAST_MATH = YES;
				ONLY_ACTIVE_ARCH = YES;
				SDKROOT = iphoneos;
				SWIFT_ACTIVE_COMPILATION_CONDITIONS = DEBUG;
				SWIFT_OPTIMIZATION_LEVEL = "-Onone";
			};
			name = Debug;
		};
		B112AE9B2625732E0042D072 /* Release */ = {
			isa = XCBuildConfiguration;
			buildSettings = {
				ALWAYS_SEARCH_USER_PATHS = NO;
				CLANG_ANALYZER_NONNULL = YES;
				CLANG_ANALYZER_NUMBER_OBJECT_CONVERSION = YES_AGGRESSIVE;
				CLANG_CXX_LANGUAGE_STANDARD = "gnu++14";
				CLANG_CXX_LIBRARY = "libc++";
				CLANG_ENABLE_MODULES = YES;
				CLANG_ENABLE_OBJC_ARC = YES;
				CLANG_ENABLE_OBJC_WEAK = YES;
				CLANG_WARN_BLOCK_CAPTURE_AUTORELEASING = YES;
				CLANG_WARN_BOOL_CONVERSION = YES;
				CLANG_WARN_COMMA = YES;
				CLANG_WARN_CONSTANT_CONVERSION = YES;
				CLANG_WARN_DEPRECATED_OBJC_IMPLEMENTATIONS = YES;
				CLANG_WARN_DIRECT_OBJC_ISA_USAGE = YES_ERROR;
				CLANG_WARN_DOCUMENTATION_COMMENTS = YES;
				CLANG_WARN_EMPTY_BODY = YES;
				CLANG_WARN_ENUM_CONVERSION = YES;
				CLANG_WARN_INFINITE_RECURSION = YES;
				CLANG_WARN_INT_CONVERSION = YES;
				CLANG_WARN_NON_LITERAL_NULL_CONVERSION = YES;
				CLANG_WARN_OBJC_IMPLICIT_RETAIN_SELF = YES;
				CLANG_WARN_OBJC_LITERAL_CONVERSION = YES;
				CLANG_WARN_OBJC_ROOT_CLASS = YES_ERROR;
				CLANG_WARN_QUOTED_INCLUDE_IN_FRAMEWORK_HEADER = YES;
				CLANG_WARN_RANGE_LOOP_ANALYSIS = YES;
				CLANG_WARN_STRICT_PROTOTYPES = YES;
				CLANG_WARN_SUSPICIOUS_MOVE = YES;
				CLANG_WARN_UNGUARDED_AVAILABILITY = YES_AGGRESSIVE;
				CLANG_WARN_UNREACHABLE_CODE = YES;
				CLANG_WARN__DUPLICATE_METHOD_MATCH = YES;
				COPY_PHASE_STRIP = NO;
				DEBUG_INFORMATION_FORMAT = "dwarf-with-dsym";
				ENABLE_NS_ASSERTIONS = NO;
				ENABLE_STRICT_OBJC_MSGSEND = YES;
				GCC_C_LANGUAGE_STANDARD = gnu11;
				GCC_NO_COMMON_BLOCKS = YES;
				GCC_WARN_64_TO_32_BIT_CONVERSION = YES;
				GCC_WARN_ABOUT_RETURN_TYPE = YES_ERROR;
				GCC_WARN_UNDECLARED_SELECTOR = YES;
				GCC_WARN_UNINITIALIZED_AUTOS = YES_AGGRESSIVE;
				GCC_WARN_UNUSED_FUNCTION = YES;
				GCC_WARN_UNUSED_VARIABLE = YES;
				IPHONEOS_DEPLOYMENT_TARGET = 14.0;
				MTL_ENABLE_DEBUG_INFO = NO;
				MTL_FAST_MATH = YES;
				SDKROOT = iphoneos;
				SWIFT_COMPILATION_MODE = wholemodule;
				SWIFT_OPTIMIZATION_LEVEL = "-O";
				VALIDATE_PRODUCT = YES;
			};
			name = Release;
		};
		B112AE9D2625732E0042D072 /* Debug */ = {
			isa = XCBuildConfiguration;
			buildSettings = {
				ASSETCATALOG_COMPILER_APPICON_NAME = AppIcon;
				ASSETCATALOG_COMPILER_GLOBAL_ACCENT_COLOR_NAME = AccentColor;
				CODE_SIGN_STYLE = Automatic;
				DEVELOPMENT_ASSET_PATHS = "\"LearnSwiftUIAdvange/Preview Content\"";
				ENABLE_PREVIEWS = YES;
				INFOPLIST_FILE = LearnSwiftUIAdvange/Info.plist;
				IPHONEOS_DEPLOYMENT_TARGET = 14.0;
				LD_RUNPATH_SEARCH_PATHS = (
					"$(inherited)",
					"@executable_path/Frameworks",
				);
				PRODUCT_BUNDLE_IDENTIFIER = huytruong.s3corp.LearnSwiftUIAdvange;
				PRODUCT_NAME = "$(TARGET_NAME)";
				SWIFT_VERSION = 5.0;
				TARGETED_DEVICE_FAMILY = "1,2";
			};
			name = Debug;
		};
		B112AE9E2625732E0042D072 /* Release */ = {
			isa = XCBuildConfiguration;
			buildSettings = {
				ASSETCATALOG_COMPILER_APPICON_NAME = AppIcon;
				ASSETCATALOG_COMPILER_GLOBAL_ACCENT_COLOR_NAME = AccentColor;
				CODE_SIGN_STYLE = Automatic;
				DEVELOPMENT_ASSET_PATHS = "\"LearnSwiftUIAdvange/Preview Content\"";
				ENABLE_PREVIEWS = YES;
				INFOPLIST_FILE = LearnSwiftUIAdvange/Info.plist;
				IPHONEOS_DEPLOYMENT_TARGET = 14.0;
				LD_RUNPATH_SEARCH_PATHS = (
					"$(inherited)",
					"@executable_path/Frameworks",
				);
				PRODUCT_BUNDLE_IDENTIFIER = huytruong.s3corp.LearnSwiftUIAdvange;
				PRODUCT_NAME = "$(TARGET_NAME)";
				SWIFT_VERSION = 5.0;
				TARGETED_DEVICE_FAMILY = "1,2";
			};
			name = Release;
		};
/* End XCBuildConfiguration section */

/* Begin XCConfigurationList section */
		B112AE882625732B0042D072 /* Build configuration list for PBXProject "LearnSwiftUIAdvange" */ = {
			isa = XCConfigurationList;
			buildConfigurations = (
				B112AE9A2625732E0042D072 /* Debug */,
				B112AE9B2625732E0042D072 /* Release */,
			);
			defaultConfigurationIsVisible = 0;
			defaultConfigurationName = Release;
		};
		B112AE9C2625732E0042D072 /* Build configuration list for PBXNativeTarget "LearnSwiftUIAdvange" */ = {
			isa = XCConfigurationList;
			buildConfigurations = (
				B112AE9D2625732E0042D072 /* Debug */,
				B112AE9E2625732E0042D072 /* Release */,
			);
			defaultConfigurationIsVisible = 0;
			defaultConfigurationName = Release;
		};
/* End XCConfigurationList section */
	};
	rootObject = B112AE852625732B0042D072 /* Project object */;
}
